// !$*UTF8*$!
{
	archiveVersion = 1;
	classes = {
	};
	objectVersion = 56;
	objects = {

/* Begin PBXBuildFile section */
		46F16A392860D77F008C77EE /* Networkin_AbstactionApp.swift in Sources */ = {isa = PBXBuildFile; fileRef = 46F16A382860D77F008C77EE /* Networkin_AbstactionApp.swift */; };
		46F16A3B2860D77F008C77EE /* ExampleView.swift in Sources */ = {isa = PBXBuildFile; fileRef = 46F16A3A2860D77F008C77EE /* ExampleView.swift */; };
		46F16A3D2860D780008C77EE /* Assets.xcassets in Resources */ = {isa = PBXBuildFile; fileRef = 46F16A3C2860D780008C77EE /* Assets.xcassets */; };
		46F16A402860D780008C77EE /* Preview Assets.xcassets in Resources */ = {isa = PBXBuildFile; fileRef = 46F16A3F2860D780008C77EE /* Preview Assets.xcassets */; };
		46F16A482860D88D008C77EE /* INetworkManager.swift in Sources */ = {isa = PBXBuildFile; fileRef = 46F16A472860D88D008C77EE /* INetworkManager.swift */; };
		46F16A4A2860D8C6008C77EE /* NetworkManager.swift in Sources */ = {isa = PBXBuildFile; fileRef = 46F16A492860D8C6008C77EE /* NetworkManager.swift */; };
		46F16A4C2860E30A008C77EE /* RefreshTokenModel.swift in Sources */ = {isa = PBXBuildFile; fileRef = 46F16A4B2860E30A008C77EE /* RefreshTokenModel.swift */; };
		46F16A4F2860FD1F008C77EE /* ExampleService.swift in Sources */ = {isa = PBXBuildFile; fileRef = 46F16A4E2860FD1F008C77EE /* ExampleService.swift */; };
		46F16A512860FD4F008C77EE /* ExampleModel.swift in Sources */ = {isa = PBXBuildFile; fileRef = 46F16A502860FD4F008C77EE /* ExampleModel.swift */; };
		46F16A532860FE5F008C77EE /* ExampleViewModel.swift in Sources */ = {isa = PBXBuildFile; fileRef = 46F16A522860FE5F008C77EE /* ExampleViewModel.swift */; };
		46F16A552860FEA8008C77EE /* ExampleBaseViewModel.swift in Sources */ = {isa = PBXBuildFile; fileRef = 46F16A542860FEA8008C77EE /* ExampleBaseViewModel.swift */; };
/* End PBXBuildFile section */

/* Begin PBXFileReference section */
		46F16A352860D77F008C77EE /* Networkin-Abstaction.app */ = {isa = PBXFileReference; explicitFileType = wrapper.application; includeInIndex = 0; path = "Networkin-Abstaction.app"; sourceTree = BUILT_PRODUCTS_DIR; };
		46F16A382860D77F008C77EE /* Networkin_AbstactionApp.swift */ = {isa = PBXFileReference; lastKnownFileType = sourcecode.swift; path = Networkin_AbstactionApp.swift; sourceTree = "<group>"; };
		46F16A3A2860D77F008C77EE /* ExampleView.swift */ = {isa = PBXFileReference; lastKnownFileType = sourcecode.swift; path = ExampleView.swift; sourceTree = "<group>"; };
		46F16A3C2860D780008C77EE /* Assets.xcassets */ = {isa = PBXFileReference; lastKnownFileType = folder.assetcatalog; path = Assets.xcassets; sourceTree = "<group>"; };
		46F16A3F2860D780008C77EE /* Preview Assets.xcassets */ = {isa = PBXFileReference; lastKnownFileType = folder.assetcatalog; path = "Preview Assets.xcassets"; sourceTree = "<group>"; };
		46F16A472860D88D008C77EE /* INetworkManager.swift */ = {isa = PBXFileReference; lastKnownFileType = sourcecode.swift; path = INetworkManager.swift; sourceTree = "<group>"; };
		46F16A492860D8C6008C77EE /* NetworkManager.swift */ = {isa = PBXFileReference; lastKnownFileType = sourcecode.swift; path = NetworkManager.swift; sourceTree = "<group>"; };
		46F16A4B2860E30A008C77EE /* RefreshTokenModel.swift */ = {isa = PBXFileReference; lastKnownFileType = sourcecode.swift; path = RefreshTokenModel.swift; sourceTree = "<group>"; };
		46F16A4E2860FD1F008C77EE /* ExampleService.swift */ = {isa = PBXFileReference; lastKnownFileType = sourcecode.swift; path = ExampleService.swift; sourceTree = "<group>"; };
		46F16A502860FD4F008C77EE /* ExampleModel.swift */ = {isa = PBXFileReference; lastKnownFileType = sourcecode.swift; path = ExampleModel.swift; sourceTree = "<group>"; };
		46F16A522860FE5F008C77EE /* ExampleViewModel.swift */ = {isa = PBXFileReference; lastKnownFileType = sourcecode.swift; path = ExampleViewModel.swift; sourceTree = "<group>"; };
		46F16A542860FEA8008C77EE /* ExampleBaseViewModel.swift */ = {isa = PBXFileReference; lastKnownFileType = sourcecode.swift; path = ExampleBaseViewModel.swift; sourceTree = "<group>"; };
/* End PBXFileReference section */

/* Begin PBXFrameworksBuildPhase section */
		46F16A322860D77F008C77EE /* Frameworks */ = {
			isa = PBXFrameworksBuildPhase;
			buildActionMask = 2147483647;
			files = (
			);
			runOnlyForDeploymentPostprocessing = 0;
		};
/* End PBXFrameworksBuildPhase section */

/* Begin PBXGroup section */
		46F16A2C2860D77E008C77EE = {
			isa = PBXGroup;
			children = (
				46F16A372860D77F008C77EE /* Networkin-Abstaction */,
				46F16A362860D77F008C77EE /* Products */,
			);
			sourceTree = "<group>";
		};
		46F16A362860D77F008C77EE /* Products */ = {
			isa = PBXGroup;
			children = (
				46F16A352860D77F008C77EE /* Networkin-Abstaction.app */,
			);
			name = Products;
			sourceTree = "<group>";
		};
		46F16A372860D77F008C77EE /* Networkin-Abstaction */ = {
			isa = PBXGroup;
			children = (
				46F16A4D2860FD0A008C77EE /* Example */,
				46F16A462860D877008C77EE /* Manager */,
				46F16A382860D77F008C77EE /* Networkin_AbstactionApp.swift */,
				46F16A3C2860D780008C77EE /* Assets.xcassets */,
				46F16A3E2860D780008C77EE /* Preview Content */,
			);
			path = "Networkin-Abstaction";
			sourceTree = "<group>";
		};
		46F16A3E2860D780008C77EE /* Preview Content */ = {
			isa = PBXGroup;
			children = (
				46F16A3F2860D780008C77EE /* Preview Assets.xcassets */,
			);
			path = "Preview Content";
			sourceTree = "<group>";
		};
		46F16A462860D877008C77EE /* Manager */ = {
			isa = PBXGroup;
			children = (
				46F16A472860D88D008C77EE /* INetworkManager.swift */,
				46F16A492860D8C6008C77EE /* NetworkManager.swift */,
				46F16A4B2860E30A008C77EE /* RefreshTokenModel.swift */,
			);
			path = Manager;
			sourceTree = "<group>";
		};
		46F16A4D2860FD0A008C77EE /* Example */ = {
			isa = PBXGroup;
			children = (
				46F16A3A2860D77F008C77EE /* ExampleView.swift */,
				46F16A4E2860FD1F008C77EE /* ExampleService.swift */,
				46F16A502860FD4F008C77EE /* ExampleModel.swift */,
				46F16A522860FE5F008C77EE /* ExampleViewModel.swift */,
				46F16A542860FEA8008C77EE /* ExampleBaseViewModel.swift */,
			);
			path = Example;
			sourceTree = "<group>";
		};
/* End PBXGroup section */

/* Begin PBXNativeTarget section */
		46F16A342860D77F008C77EE /* Networkin-Abstaction */ = {
			isa = PBXNativeTarget;
			buildConfigurationList = 46F16A432860D780008C77EE /* Build configuration list for PBXNativeTarget "Networkin-Abstaction" */;
			buildPhases = (
				46F16A312860D77F008C77EE /* Sources */,
				46F16A322860D77F008C77EE /* Frameworks */,
				46F16A332860D77F008C77EE /* Resources */,
			);
			buildRules = (
			);
			dependencies = (
			);
			name = "Networkin-Abstaction";
			productName = "Networkin-Abstaction";
			productReference = 46F16A352860D77F008C77EE /* Networkin-Abstaction.app */;
			productType = "com.apple.product-type.application";
		};
/* End PBXNativeTarget section */

/* Begin PBXProject section */
		46F16A2D2860D77E008C77EE /* Project object */ = {
			isa = PBXProject;
			attributes = {
				BuildIndependentTargetsInParallel = 1;
				LastSwiftUpdateCheck = 1400;
				LastUpgradeCheck = 1400;
				TargetAttributes = {
					46F16A342860D77F008C77EE = {
						CreatedOnToolsVersion = 14.0;
					};
				};
			};
			buildConfigurationList = 46F16A302860D77E008C77EE /* Build configuration list for PBXProject "Networkin-Abstaction" */;
			compatibilityVersion = "Xcode 14.0";
			developmentRegion = en;
			hasScannedForEncodings = 0;
			knownRegions = (
				en,
				Base,
			);
			mainGroup = 46F16A2C2860D77E008C77EE;
			productRefGroup = 46F16A362860D77F008C77EE /* Products */;
			projectDirPath = "";
			projectRoot = "";
			targets = (
				46F16A342860D77F008C77EE /* Networkin-Abstaction */,
			);
		};
/* End PBXProject section */

/* Begin PBXResourcesBuildPhase section */
		46F16A332860D77F008C77EE /* Resources */ = {
			isa = PBXResourcesBuildPhase;
			buildActionMask = 2147483647;
			files = (
				46F16A402860D780008C77EE /* Preview Assets.xcassets in Resources */,
				46F16A3D2860D780008C77EE /* Assets.xcassets in Resources */,
			);
			runOnlyForDeploymentPostprocessing = 0;
		};
/* End PBXResourcesBuildPhase section */

/* Begin PBXSourcesBuildPhase section */
		46F16A312860D77F008C77EE /* Sources */ = {
			isa = PBXSourcesBuildPhase;
			buildActionMask = 2147483647;
			files = (
				46F16A4C2860E30A008C77EE /* RefreshTokenModel.swift in Sources */,
				46F16A532860FE5F008C77EE /* ExampleViewModel.swift in Sources */,
				46F16A4A2860D8C6008C77EE /* NetworkManager.swift in Sources */,
				46F16A3B2860D77F008C77EE /* ExampleView.swift in Sources */,
				46F16A552860FEA8008C77EE /* ExampleBaseViewModel.swift in Sources */,
				46F16A482860D88D008C77EE /* INetworkManager.swift in Sources */,
				46F16A512860FD4F008C77EE /* ExampleModel.swift in Sources */,
				46F16A4F2860FD1F008C77EE /* ExampleService.swift in Sources */,
				46F16A392860D77F008C77EE /* Networkin_AbstactionApp.swift in Sources */,
			);
			runOnlyForDeploymentPostprocessing = 0;
		};
/* End PBXSourcesBuildPhase section */

/* Begin XCBuildConfiguration section */
		46F16A412860D780008C77EE /* Debug */ = {
			isa = XCBuildConfiguration;
			buildSettings = {
				ALWAYS_SEARCH_USER_PATHS = NO;
				CLANG_ANALYZER_NONNULL = YES;
				CLANG_ANALYZER_NUMBER_OBJECT_CONVERSION = YES_AGGRESSIVE;
				CLANG_CXX_LANGUAGE_STANDARD = "gnu++17";
				CLANG_ENABLE_MODULES = YES;
				CLANG_ENABLE_OBJC_ARC = YES;
				CLANG_ENABLE_OBJC_WEAK = YES;
				CLANG_WARN_BLOCK_CAPTURE_AUTORELEASING = YES;
				CLANG_WARN_BOOL_CONVERSION = YES;
				CLANG_WARN_COMMA = YES;
				CLANG_WARN_CONSTANT_CONVERSION = YES;
				CLANG_WARN_DEPRECATED_OBJC_IMPLEMENTATIONS = YES;
				CLANG_WARN_DIRECT_OBJC_ISA_USAGE = YES_ERROR;
				CLANG_WARN_DOCUMENTATION_COMMENTS = YES;
				CLANG_WARN_EMPTY_BODY = YES;
				CLANG_WARN_ENUM_CONVERSION = YES;
				CLANG_WARN_INFINITE_RECURSION = YES;
				CLANG_WARN_INT_CONVERSION = YES;
				CLANG_WARN_NON_LITERAL_NULL_CONVERSION = YES;
				CLANG_WARN_OBJC_IMPLICIT_RETAIN_SELF = YES;
				CLANG_WARN_OBJC_LITERAL_CONVERSION = YES;
				CLANG_WARN_OBJC_ROOT_CLASS = YES_ERROR;
				CLANG_WARN_QUOTED_INCLUDE_IN_FRAMEWORK_HEADER = YES;
				CLANG_WARN_RANGE_LOOP_ANALYSIS = YES;
				CLANG_WARN_STRICT_PROTOTYPES = YES;
				CLANG_WARN_SUSPICIOUS_MOVE = YES;
				CLANG_WARN_UNGUARDED_AVAILABILITY = YES_AGGRESSIVE;
				CLANG_WARN_UNREACHABLE_CODE = YES;
				CLANG_WARN__DUPLICATE_METHOD_MATCH = YES;
				COPY_PHASE_STRIP = NO;
				DEBUG_INFORMATION_FORMAT = dwarf;
				ENABLE_STRICT_OBJC_MSGSEND = YES;
				ENABLE_TESTABILITY = YES;
				GCC_C_LANGUAGE_STANDARD = gnu11;
				GCC_DYNAMIC_NO_PIC = NO;
				GCC_NO_COMMON_BLOCKS = YES;
				GCC_OPTIMIZATION_LEVEL = 0;
				GCC_PREPROCESSOR_DEFINITIONS = (
					"DEBUG=1",
					"$(inherited)",
				);
				GCC_WARN_64_TO_32_BIT_CONVERSION = YES;
				GCC_WARN_ABOUT_RETURN_TYPE = YES_ERROR;
				GCC_WARN_UNDECLARED_SELECTOR = YES;
				GCC_WARN_UNINITIALIZED_AUTOS = YES_AGGRESSIVE;
				GCC_WARN_UNUSED_FUNCTION = YES;
				GCC_WARN_UNUSED_VARIABLE = YES;
				IPHONEOS_DEPLOYMENT_TARGET = 16.0;
				MTL_ENABLE_DEBUG_INFO = INCLUDE_SOURCE;
				MTL_FAST_MATH = YES;
				ONLY_ACTIVE_ARCH = YES;
				SDKROOT = iphoneos;
				SWIFT_ACTIVE_COMPILATION_CONDITIONS = DEBUG;
				SWIFT_OPTIMIZATION_LEVEL = "-Onone";
			};
			name = Debug;
		};
		46F16A422860D780008C77EE /* Release */ = {
			isa = XCBuildConfiguration;
			buildSettings = {
				ALWAYS_SEARCH_USER_PATHS = NO;
				CLANG_ANALYZER_NONNULL = YES;
				CLANG_ANALYZER_NUMBER_OBJECT_CONVERSION = YES_AGGRESSIVE;
				CLANG_CXX_LANGUAGE_STANDARD = "gnu++17";
				CLANG_ENABLE_MODULES = YES;
				CLANG_ENABLE_OBJC_ARC = YES;
				CLANG_ENABLE_OBJC_WEAK = YES;
				CLANG_WARN_BLOCK_CAPTURE_AUTORELEASING = YES;
				CLANG_WARN_BOOL_CONVERSION = YES;
				CLANG_WARN_COMMA = YES;
				CLANG_WARN_CONSTANT_CONVERSION = YES;
				CLANG_WARN_DEPRECATED_OBJC_IMPLEMENTATIONS = YES;
				CLANG_WARN_DIRECT_OBJC_ISA_USAGE = YES_ERROR;
				CLANG_WARN_DOCUMENTATION_COMMENTS = YES;
				CLANG_WARN_EMPTY_BODY = YES;
				CLANG_WARN_ENUM_CONVERSION = YES;
				CLANG_WARN_INFINITE_RECURSION = YES;
				CLANG_WARN_INT_CONVERSION = YES;
				CLANG_WARN_NON_LITERAL_NULL_CONVERSION = YES;
				CLANG_WARN_OBJC_IMPLICIT_RETAIN_SELF = YES;
				CLANG_WARN_OBJC_LITERAL_CONVERSION = YES;
				CLANG_WARN_OBJC_ROOT_CLASS = YES_ERROR;
				CLANG_WARN_QUOTED_INCLUDE_IN_FRAMEWORK_HEADER = YES;
				CLANG_WARN_RANGE_LOOP_ANALYSIS = YES;
				CLANG_WARN_STRICT_PROTOTYPES = YES;
				CLANG_WARN_SUSPICIOUS_MOVE = YES;
				CLANG_WARN_UNGUARDED_AVAILABILITY = YES_AGGRESSIVE;
				CLANG_WARN_UNREACHABLE_CODE = YES;
				CLANG_WARN__DUPLICATE_METHOD_MATCH = YES;
				COPY_PHASE_STRIP = NO;
				DEBUG_INFORMATION_FORMAT = "dwarf-with-dsym";
				ENABLE_NS_ASSERTIONS = NO;
				ENABLE_STRICT_OBJC_MSGSEND = YES;
				GCC_C_LANGUAGE_STANDARD = gnu11;
				GCC_NO_COMMON_BLOCKS = YES;
				GCC_WARN_64_TO_32_BIT_CONVERSION = YES;
				GCC_WARN_ABOUT_RETURN_TYPE = YES_ERROR;
				GCC_WARN_UNDECLARED_SELECTOR = YES;
				GCC_WARN_UNINITIALIZED_AUTOS = YES_AGGRESSIVE;
				GCC_WARN_UNUSED_FUNCTION = YES;
				GCC_WARN_UNUSED_VARIABLE = YES;
				IPHONEOS_DEPLOYMENT_TARGET = 16.0;
				MTL_ENABLE_DEBUG_INFO = NO;
				MTL_FAST_MATH = YES;
				SDKROOT = iphoneos;
				SWIFT_COMPILATION_MODE = wholemodule;
				SWIFT_OPTIMIZATION_LEVEL = "-O";
				VALIDATE_PRODUCT = YES;
			};
			name = Release;
		};
		46F16A442860D780008C77EE /* Debug */ = {
			isa = XCBuildConfiguration;
			buildSettings = {
				ASSETCATALOG_COMPILER_APPICON_NAME = AppIcon;
				ASSETCATALOG_COMPILER_GLOBAL_ACCENT_COLOR_NAME = AccentColor;
				CODE_SIGN_STYLE = Automatic;
				CURRENT_PROJECT_VERSION = 1;
				DEVELOPMENT_ASSET_PATHS = "\"Networkin-Abstaction/Preview Content\"";
				DEVELOPMENT_TEAM = 348T9RAC33;
				ENABLE_PREVIEWS = YES;
				GENERATE_INFOPLIST_FILE = YES;
				INFOPLIST_KEY_UIApplicationSceneManifest_Generation = YES;
				INFOPLIST_KEY_UIApplicationSupportsIndirectInputEvents = YES;
				INFOPLIST_KEY_UILaunchScreen_Generation = YES;
				INFOPLIST_KEY_UISupportedInterfaceOrientations_iPad = "UIInterfaceOrientationPortrait UIInterfaceOrientationPortraitUpsideDown UIInterfaceOrientationLandscapeLeft UIInterfaceOrientationLandscapeRight";
				INFOPLIST_KEY_UISupportedInterfaceOrientations_iPhone = "UIInterfaceOrientationPortrait UIInterfaceOrientationLandscapeLeft UIInterfaceOrientationLandscapeRight";
				LD_RUNPATH_SEARCH_PATHS = (
					"$(inherited)",
					"@executable_path/Frameworks",
				);
				MARKETING_VERSION = 1.0;
				PRODUCT_BUNDLE_IDENTIFIER = "com.meatlanosrep.Networkin-Abstaction";
				PRODUCT_NAME = "$(TARGET_NAME)";
				SWIFT_EMIT_LOC_STRINGS = YES;
				SWIFT_VERSION = 5.0;
				TARGETED_DEVICE_FAMILY = "1,2";
			};
			name = Debug;
		};
		46F16A452860D780008C77EE /* Release */ = {
			isa = XCBuildConfiguration;
			buildSettings = {
				ASSETCATALOG_COMPILER_APPICON_NAME = AppIcon;
				ASSETCATALOG_COMPILER_GLOBAL_ACCENT_COLOR_NAME = AccentColor;
				CODE_SIGN_STYLE = Automatic;
				CURRENT_PROJECT_VERSION = 1;
				DEVELOPMENT_ASSET_PATHS = "\"Networkin-Abstaction/Preview Content\"";
				DEVELOPMENT_TEAM = 348T9RAC33;
				ENABLE_PREVIEWS = YES;
				GENERATE_INFOPLIST_FILE = YES;
				INFOPLIST_KEY_UIApplicationSceneManifest_Generation = YES;
				INFOPLIST_KEY_UIApplicationSupportsIndirectInputEvents = YES;
				INFOPLIST_KEY_UILaunchScreen_Generation = YES;
				INFOPLIST_KEY_UISupportedInterfaceOrientations_iPad = "UIInterfaceOrientationPortrait UIInterfaceOrientationPortraitUpsideDown UIInterfaceOrientationLandscapeLeft UIInterfaceOrientationLandscapeRight";
				INFOPLIST_KEY_UISupportedInterfaceOrientations_iPhone = "UIInterfaceOrientationPortrait UIInterfaceOrientationLandscapeLeft UIInterfaceOrientationLandscapeRight";
				LD_RUNPATH_SEARCH_PATHS = (
					"$(inherited)",
					"@executable_path/Frameworks",
				);
				MARKETING_VERSION = 1.0;
				PRODUCT_BUNDLE_IDENTIFIER = "com.meatlanosrep.Networkin-Abstaction";
				PRODUCT_NAME = "$(TARGET_NAME)";
				SWIFT_EMIT_LOC_STRINGS = YES;
				SWIFT_VERSION = 5.0;
				TARGETED_DEVICE_FAMILY = "1,2";
			};
			name = Release;
		};
/* End XCBuildConfiguration section */

/* Begin XCConfigurationList section */
		46F16A302860D77E008C77EE /* Build configuration list for PBXProject "Networkin-Abstaction" */ = {
			isa = XCConfigurationList;
			buildConfigurations = (
				46F16A412860D780008C77EE /* Debug */,
				46F16A422860D780008C77EE /* Release */,
			);
			defaultConfigurationIsVisible = 0;
			defaultConfigurationName = Release;
		};
		46F16A432860D780008C77EE /* Build configuration list for PBXNativeTarget "Networkin-Abstaction" */ = {
			isa = XCConfigurationList;
			buildConfigurations = (
				46F16A442860D780008C77EE /* Debug */,
				46F16A452860D780008C77EE /* Release */,
			);
			defaultConfigurationIsVisible = 0;
			defaultConfigurationName = Release;
		};
/* End XCConfigurationList section */
	};
	rootObject = 46F16A2D2860D77E008C77EE /* Project object */;
}
